
Microsoft Visual Studio Solution File, Format Version 12.00
# Visual Studio Version 17
VisualStudioVersion = 17.9.34728.123
MinimumVisualStudioVersion = 10.0.40219.1
Project("{FAE04EC0-301F-11D3-BF4B-00C04F79EFBC}") = "Petstore.Api.Tests.Acceptance", "Petstore.Api.Tests.Acceptance\Petstore.Api.Tests.Acceptance.csproj", "{6EDF77C3-F804-4B59-973D-2F855AD14F87}"
EndProject
Global
	GlobalSection(SolutionConfigurationPlatforms) = preSolution
		Debug|Any CPU = Debug|Any CPU
		Release|Any CPU = Release|Any CPU
	EndGlobalSection
	GlobalSection(ProjectConfigurationPlatforms) = postSolution
		{6EDF77C3-F804-4B59-973D-2F855AD14F87}.Debug|Any CPU.ActiveCfg = Debug|Any CPU
		{6EDF77C3-F804-4B59-973D-2F855AD14F87}.Debug|Any CPU.Build.0 = Debug|Any CPU
		{6EDF77C3-F804-4B59-973D-2F855AD14F87}.Release|Any CPU.ActiveCfg = Release|Any CPU
		{6EDF77C3-F804-4B59-973D-2F855AD14F87}.Release|Any CPU.Build.0 = Release|Any CPU
	EndGlobalSection
	GlobalSection(SolutionProperties) = preSolution
		HideSolutionNode = FALSE
	EndGlobalSection
	GlobalSection(ExtensibilityGlobals) = postSolution
		SolutionGuid = {BE1127C1-1977-4870-82B1-C58F1C8D6F1C}
	EndGlobalSection
EndGlobal
